<?xml version="1.0" encoding="utf-8"?>
<Project ToolsVersion="4.0" xmlns="http://schemas.microsoft.com/developer/msbuild/2003">
  <ItemGroup>
    <Filter Include="Source Files">
      <UniqueIdentifier>{4FC737F1-C7A5-4376-A066-2A32D752A2FF}</UniqueIdentifier>
      <Extensions>cpp;cxx;c;def</Extensions>
    </Filter>
    <Filter Include="Header Files">
      <UniqueIdentifier>{93995380-89BD-4b04-88EB-625FBE52EBFB}</UniqueIdentifier>
      <Extensions>h</Extensions>
    </Filter>
    <Filter Include="Form Files">
      <UniqueIdentifier>{99349809-55BA-4b9d-BF79-8FDBB0286EB3}</UniqueIdentifier>
      <Extensions>ui</Extensions>
    </Filter>
    <Filter Include="Resource Files">
      <UniqueIdentifier>{D9D6E242-F8AF-46E4-B9FD-80ECBC20BA3E}</UniqueIdentifier>
      <Extensions>qrc;*</Extensions>
      <ParseFiles>false</ParseFiles>
    </Filter>
    <Filter Include="Generated Files">
      <UniqueIdentifier>{71ED8ED8-ACB9-4CE9-BBE1-E00B30144E11}</UniqueIdentifier>
      <Extensions>moc;h;cpp</Extensions>
      <SourceControlFiles>False</SourceControlFiles>
    </Filter>
    <Filter Include="Generated Files\Debug">
      <UniqueIdentifier>{8afa49a1-5e9d-4851-aa96-d30c950089d0}</UniqueIdentifier>
      <Extensions>cpp;moc</Extensions>
      <SourceControlFiles>False</SourceControlFiles>
    </Filter>
    <Filter Include="Generated Files\Release">
      <UniqueIdentifier>{9485cba7-de5e-4ed7-956d-5fe1d38f0754}</UniqueIdentifier>
      <Extensions>cpp;moc</Extensions>
      <SourceControlFiles>False</SourceControlFiles>
    </Filter>
    <Filter Include="Header Files\Thread">
      <UniqueIdentifier>{cbd81e99-eb9b-4236-9778-99555d7835d9}</UniqueIdentifier>
    </Filter>
    <Filter Include="Header Files\NavigationMethod">
      <UniqueIdentifier>{60be9b08-953c-492f-b485-219c292d1df6}</UniqueIdentifier>
    </Filter>
    <Filter Include="Source Files\NavigationMethod">
      <UniqueIdentifier>{230d4df5-8808-4026-8f6b-566d3e655a0e}</UniqueIdentifier>
    </Filter>
  </ItemGroup>
  <ItemGroup>
    <ClCompile Include="main.cpp">
      <Filter>Source Files</Filter>
    </ClCompile>
    <ClCompile Include="pathplanner.cpp">
      <Filter>Source Files</Filter>
    </ClCompile>
    <ClCompile Include="GeneratedFiles\Debug\moc_pathplanner.cpp">
      <Filter>Generated Files\Debug</Filter>
    </ClCompile>
    <ClCompile Include="GeneratedFiles\Release\moc_pathplanner.cpp">
      <Filter>Generated Files\Release</Filter>
    </ClCompile>
    <ClCompile Include="GeneratedFiles\qrc_pathplanner.cpp">
      <Filter>Generated Files</Filter>
    </ClCompile>
    <ClCompile Include="GeneratedFiles\Debug\moc_myThread.cpp">
      <Filter>Generated Files\Debug</Filter>
    </ClCompile>
    <ClCompile Include="GeneratedFiles\Release\moc_myThread.cpp">
      <Filter>Generated Files\Release</Filter>
    </ClCompile>
    <ClCompile Include="GeneratedFiles\Debug\moc_loopManager.cpp">
      <Filter>Generated Files\Debug</Filter>
    </ClCompile>
    <ClCompile Include="GeneratedFiles\Release\moc_loopManager.cpp">
      <Filter>Generated Files\Release</Filter>
    </ClCompile>
    <ClCompile Include="loopManager.cpp">
      <Filter>Source Files</Filter>
    </ClCompile>
    <ClCompile Include="GeneratedFiles\Debug\moc_viewer.cpp">
      <Filter>Generated Files\Debug</Filter>
    </ClCompile>
    <ClCompile Include="GeneratedFiles\Release\moc_viewer.cpp">
      <Filter>Generated Files\Release</Filter>
    </ClCompile>
    <ClCompile Include="viewer.cpp">
      <Filter>Source Files</Filter>
    </ClCompile>
    <ClCompile Include="database.cpp">
      <Filter>Source Files</Filter>
    </ClCompile>
    <ClCompile Include="lineExtractor.cpp">
      <Filter>Source Files</Filter>
    </ClCompile>
    <ClCompile Include="filter.cpp">
      <Filter>Source Files</Filter>
    </ClCompile>
    <ClCompile Include="sensor.cpp">
      <Filter>Source Files</Filter>
    </ClCompile>
    <ClCompile Include="navigator.cpp">
      <Filter>Source Files</Filter>
    </ClCompile>
    <ClCompile Include="NavigationMethod\normalPF.cpp">
      <Filter>Source Files\NavigationMethod</Filter>
    </ClCompile>
    <ClCompile Include="NavigationMethod\wolf.cpp">
      <Filter>Source Files\NavigationMethod</Filter>
    </ClCompile>
  </ItemGroup>
  <ItemGroup>
    <CustomBuild Include="pathplanner.h">
      <Filter>Header Files</Filter>
    </CustomBuild>
    <CustomBuild Include="pathplanner.ui">
      <Filter>Form Files</Filter>
    </CustomBuild>
    <CustomBuild Include="pathplanner.qrc">
      <Filter>Resource Files</Filter>
    </CustomBuild>
    <CustomBuild Include="..\Library\Thread\myThread.h">
      <Filter>Header Files\Thread</Filter>
    </CustomBuild>
    <CustomBuild Include="loopManager.h">
      <Filter>Header Files</Filter>
    </CustomBuild>
    <CustomBuild Include="viewer.h">
      <Filter>Header Files</Filter>
    </CustomBuild>
  </ItemGroup>
  <ItemGroup>
    <ClInclude Include="GeneratedFiles\ui_pathplanner.h">
      <Filter>Generated Files</Filter>
    </ClInclude>
    <ClInclude Include="database.h">
      <Filter>Header Files</Filter>
    </ClInclude>
    <ClInclude Include="highway.h">
      <Filter>Header Files</Filter>
    </ClInclude>
    <ClInclude Include="lineExtractor.h">
      <Filter>Header Files</Filter>
    </ClInclude>
    <ClInclude Include="constant.h">
      <Filter>Header Files</Filter>
    </ClInclude>
    <ClInclude Include="filter.h">
      <Filter>Header Files</Filter>
    </ClInclude>
    <ClInclude Include="sensor.h">
      <Filter>Header Files</Filter>
    </ClInclude>
    <ClInclude Include="navigator.h">
      <Filter>Header Files</Filter>
    </ClInclude>
    <ClInclude Include="navigationMethod.h">
      <Filter>Header Files</Filter>
    </ClInclude>
    <ClInclude Include="NavigationMethod\normalPF.h">
      <Filter>Header Files\NavigationMethod</Filter>
    </ClInclude>
    <ClInclude Include="NavigationMethod\wolf.h">
      <Filter>Header Files\NavigationMethod</Filter>
    </ClInclude>
  </ItemGroup>
</Project>